// !$*UTF8*$!
{
	archiveVersion = 1;
	classes = {
	};
	objectVersion = 56;
	objects = {

/* Begin PBXBuildFile section */
		AD421BF52B7F321F00A2C000 /* Todo.swift in Sources */ = {isa = PBXBuildFile; fileRef = AD421BF42B7F321F00A2C000 /* Todo.swift */; };
		AD7448302B888CD100E64D7F /* Double+Extensions.swift in Sources */ = {isa = PBXBuildFile; fileRef = AD74482F2B888CD100E64D7F /* Double+Extensions.swift */; };
		AD952D4A2B81D6B20059552A /* WriteBtn.swift in Sources */ = {isa = PBXBuildFile; fileRef = AD952D492B81D6B20059552A /* WriteBtn.swift */; };
		ADA8F1522B7D055A00DE45EB /* Storyboard.storyboard in Resources */ = {isa = PBXBuildFile; fileRef = ADA8F1512B7D055A00DE45EB /* Storyboard.storyboard */; };
		ADA8F1552B7DF38000DE45EB /* PathModel.swift in Sources */ = {isa = PBXBuildFile; fileRef = ADA8F1542B7DF38000DE45EB /* PathModel.swift */; };
		ADA8F1572B7DF3A600DE45EB /* PathType.swift in Sources */ = {isa = PBXBuildFile; fileRef = ADA8F1562B7DF3A600DE45EB /* PathType.swift */; };
		ADA8F15A2B7DF99300DE45EB /* HomeViewModel.swift in Sources */ = {isa = PBXBuildFile; fileRef = ADA8F1592B7DF99300DE45EB /* HomeViewModel.swift */; };
		ADA8F15C2B7DF99A00DE45EB /* HomeView.swift in Sources */ = {isa = PBXBuildFile; fileRef = ADA8F15B2B7DF99A00DE45EB /* HomeView.swift */; };
		ADA8F15F2B7DFA5500DE45EB /* Tab.swift in Sources */ = {isa = PBXBuildFile; fileRef = ADA8F15E2B7DFA5500DE45EB /* Tab.swift */; };
		ADA8F1672B7E2D5500DE45EB /* TodoListViewModel.swift in Sources */ = {isa = PBXBuildFile; fileRef = ADA8F1662B7E2D5500DE45EB /* TodoListViewModel.swift */; };
		ADA8F1692B7E2D5D00DE45EB /* TodoListView.swift in Sources */ = {isa = PBXBuildFile; fileRef = ADA8F1682B7E2D5D00DE45EB /* TodoListView.swift */; };
		ADA8F16C2B7E3AB400DE45EB /* MemoViewModel.swift in Sources */ = {isa = PBXBuildFile; fileRef = ADA8F16B2B7E3AB400DE45EB /* MemoViewModel.swift */; };
		ADA8F16E2B7E3AE400DE45EB /* MemoView.swift in Sources */ = {isa = PBXBuildFile; fileRef = ADA8F16D2B7E3AE400DE45EB /* MemoView.swift */; };
		ADA8F1712B7E3AFF00DE45EB /* VoiceViewModel.swift in Sources */ = {isa = PBXBuildFile; fileRef = ADA8F1702B7E3AFF00DE45EB /* VoiceViewModel.swift */; };
		ADA8F1732B7E3B1800DE45EB /* VoiceView.swift in Sources */ = {isa = PBXBuildFile; fileRef = ADA8F1722B7E3B1800DE45EB /* VoiceView.swift */; };
		ADA8F1772B7E3B4D00DE45EB /* SettingViewModel.swift in Sources */ = {isa = PBXBuildFile; fileRef = ADA8F1762B7E3B4D00DE45EB /* SettingViewModel.swift */; };
		ADA8F1792B7E3B5500DE45EB /* SettingView.swift in Sources */ = {isa = PBXBuildFile; fileRef = ADA8F1782B7E3B5500DE45EB /* SettingView.swift */; };
		ADA8F17B2B7E3B6500DE45EB /* TimerViewModel.swift in Sources */ = {isa = PBXBuildFile; fileRef = ADA8F17A2B7E3B6500DE45EB /* TimerViewModel.swift */; };
		ADA8F17D2B7E3B7000DE45EB /* TimerView.swift in Sources */ = {isa = PBXBuildFile; fileRef = ADA8F17C2B7E3B7000DE45EB /* TimerView.swift */; };
		ADA8F1802B7E3D3600DE45EB /* MemoListView.swift in Sources */ = {isa = PBXBuildFile; fileRef = ADA8F17F2B7E3D3600DE45EB /* MemoListView.swift */; };
		ADA8F1822B7E3D4500DE45EB /* MemoListViewModel.swift in Sources */ = {isa = PBXBuildFile; fileRef = ADA8F1812B7E3D4500DE45EB /* MemoListViewModel.swift */; };
		ADA8F1852B7E3DD900DE45EB /* TodoViewModel.swift in Sources */ = {isa = PBXBuildFile; fileRef = ADA8F1842B7E3DD900DE45EB /* TodoViewModel.swift */; };
		ADA8F1872B7E3DE100DE45EB /* TodoView.swift in Sources */ = {isa = PBXBuildFile; fileRef = ADA8F1862B7E3DE100DE45EB /* TodoView.swift */; };
		ADA8F18A2B7E450E00DE45EB /* Date+Extension.swift in Sources */ = {isa = PBXBuildFile; fileRef = ADA8F1892B7E450E00DE45EB /* Date+Extension.swift */; };
		ADA8F18E2B7F23EA00DE45EB /* NavigationBarType.swift in Sources */ = {isa = PBXBuildFile; fileRef = ADA8F18D2B7F23EA00DE45EB /* NavigationBarType.swift */; };
		ADA8F1902B7F240900DE45EB /* CustomNavigationBar.swift in Sources */ = {isa = PBXBuildFile; fileRef = ADA8F18F2B7F240900DE45EB /* CustomNavigationBar.swift */; };
		ADBFFC402B838C3300A73DDE /* Memo.swift in Sources */ = {isa = PBXBuildFile; fileRef = ADBFFC3F2B838C3300A73DDE /* Memo.swift */; };
		ADE8A78D2B7C9DC0002B950B /* MyVoiceMemoAppApp.swift in Sources */ = {isa = PBXBuildFile; fileRef = ADE8A78C2B7C9DC0002B950B /* MyVoiceMemoAppApp.swift */; };
		ADE8A7912B7C9DC1002B950B /* Assets.xcassets in Resources */ = {isa = PBXBuildFile; fileRef = ADE8A7902B7C9DC1002B950B /* Assets.xcassets */; };
		ADE8A7942B7C9DC1002B950B /* Preview Assets.xcassets in Resources */ = {isa = PBXBuildFile; fileRef = ADE8A7932B7C9DC1002B950B /* Preview Assets.xcassets */; };
		ADE8A79F2B7C9EF2002B950B /* OnboardingViewModel.swift in Sources */ = {isa = PBXBuildFile; fileRef = ADE8A79E2B7C9EF2002B950B /* OnboardingViewModel.swift */; };
		ADE8A7A12B7C9F01002B950B /* OnboardingView.swift in Sources */ = {isa = PBXBuildFile; fileRef = ADE8A7A02B7C9F01002B950B /* OnboardingView.swift */; };
		ADE8A7A42B7C9FD3002B950B /* OnboardingContent.swift in Sources */ = {isa = PBXBuildFile; fileRef = ADE8A7A32B7C9FD3002B950B /* OnboardingContent.swift */; };
/* End PBXBuildFile section */

/* Begin PBXFileReference section */
		AD421BF42B7F321F00A2C000 /* Todo.swift */ = {isa = PBXFileReference; lastKnownFileType = sourcecode.swift; path = Todo.swift; sourceTree = "<group>"; };
		AD74482F2B888CD100E64D7F /* Double+Extensions.swift */ = {isa = PBXFileReference; lastKnownFileType = sourcecode.swift; path = "Double+Extensions.swift"; sourceTree = "<group>"; };
		AD952D492B81D6B20059552A /* WriteBtn.swift */ = {isa = PBXFileReference; lastKnownFileType = sourcecode.swift; path = WriteBtn.swift; sourceTree = "<group>"; };
		ADA8F1512B7D055A00DE45EB /* Storyboard.storyboard */ = {isa = PBXFileReference; lastKnownFileType = file.storyboard; path = Storyboard.storyboard; sourceTree = "<group>"; };
		ADA8F1542B7DF38000DE45EB /* PathModel.swift */ = {isa = PBXFileReference; lastKnownFileType = sourcecode.swift; path = PathModel.swift; sourceTree = "<group>"; };
		ADA8F1562B7DF3A600DE45EB /* PathType.swift */ = {isa = PBXFileReference; lastKnownFileType = sourcecode.swift; path = PathType.swift; sourceTree = "<group>"; };
		ADA8F1592B7DF99300DE45EB /* HomeViewModel.swift */ = {isa = PBXFileReference; lastKnownFileType = sourcecode.swift; path = HomeViewModel.swift; sourceTree = "<group>"; };
		ADA8F15B2B7DF99A00DE45EB /* HomeView.swift */ = {isa = PBXFileReference; lastKnownFileType = sourcecode.swift; path = HomeView.swift; sourceTree = "<group>"; };
		ADA8F15E2B7DFA5500DE45EB /* Tab.swift */ = {isa = PBXFileReference; lastKnownFileType = sourcecode.swift; path = Tab.swift; sourceTree = "<group>"; };
		ADA8F1662B7E2D5500DE45EB /* TodoListViewModel.swift */ = {isa = PBXFileReference; lastKnownFileType = sourcecode.swift; path = TodoListViewModel.swift; sourceTree = "<group>"; };
		ADA8F1682B7E2D5D00DE45EB /* TodoListView.swift */ = {isa = PBXFileReference; lastKnownFileType = sourcecode.swift; path = TodoListView.swift; sourceTree = "<group>"; };
		ADA8F16B2B7E3AB400DE45EB /* MemoViewModel.swift */ = {isa = PBXFileReference; lastKnownFileType = sourcecode.swift; path = MemoViewModel.swift; sourceTree = "<group>"; };
		ADA8F16D2B7E3AE400DE45EB /* MemoView.swift */ = {isa = PBXFileReference; lastKnownFileType = sourcecode.swift; path = MemoView.swift; sourceTree = "<group>"; };
		ADA8F1702B7E3AFF00DE45EB /* VoiceViewModel.swift */ = {isa = PBXFileReference; lastKnownFileType = sourcecode.swift; path = VoiceViewModel.swift; sourceTree = "<group>"; };
		ADA8F1722B7E3B1800DE45EB /* VoiceView.swift */ = {isa = PBXFileReference; lastKnownFileType = sourcecode.swift; path = VoiceView.swift; sourceTree = "<group>"; };
		ADA8F1762B7E3B4D00DE45EB /* SettingViewModel.swift */ = {isa = PBXFileReference; lastKnownFileType = sourcecode.swift; path = SettingViewModel.swift; sourceTree = "<group>"; };
		ADA8F1782B7E3B5500DE45EB /* SettingView.swift */ = {isa = PBXFileReference; lastKnownFileType = sourcecode.swift; path = SettingView.swift; sourceTree = "<group>"; };
		ADA8F17A2B7E3B6500DE45EB /* TimerViewModel.swift */ = {isa = PBXFileReference; lastKnownFileType = sourcecode.swift; path = TimerViewModel.swift; sourceTree = "<group>"; };
		ADA8F17C2B7E3B7000DE45EB /* TimerView.swift */ = {isa = PBXFileReference; lastKnownFileType = sourcecode.swift; path = TimerView.swift; sourceTree = "<group>"; };
		ADA8F17F2B7E3D3600DE45EB /* MemoListView.swift */ = {isa = PBXFileReference; lastKnownFileType = sourcecode.swift; path = MemoListView.swift; sourceTree = "<group>"; };
		ADA8F1812B7E3D4500DE45EB /* MemoListViewModel.swift */ = {isa = PBXFileReference; lastKnownFileType = sourcecode.swift; path = MemoListViewModel.swift; sourceTree = "<group>"; };
		ADA8F1842B7E3DD900DE45EB /* TodoViewModel.swift */ = {isa = PBXFileReference; lastKnownFileType = sourcecode.swift; path = TodoViewModel.swift; sourceTree = "<group>"; };
		ADA8F1862B7E3DE100DE45EB /* TodoView.swift */ = {isa = PBXFileReference; lastKnownFileType = sourcecode.swift; path = TodoView.swift; sourceTree = "<group>"; };
		ADA8F1892B7E450E00DE45EB /* Date+Extension.swift */ = {isa = PBXFileReference; lastKnownFileType = sourcecode.swift; path = "Date+Extension.swift"; sourceTree = "<group>"; };
		ADA8F18D2B7F23EA00DE45EB /* NavigationBarType.swift */ = {isa = PBXFileReference; lastKnownFileType = sourcecode.swift; path = NavigationBarType.swift; sourceTree = "<group>"; };
		ADA8F18F2B7F240900DE45EB /* CustomNavigationBar.swift */ = {isa = PBXFileReference; lastKnownFileType = sourcecode.swift; path = CustomNavigationBar.swift; sourceTree = "<group>"; };
		ADBFFC3F2B838C3300A73DDE /* Memo.swift */ = {isa = PBXFileReference; lastKnownFileType = sourcecode.swift; path = Memo.swift; sourceTree = "<group>"; };
		ADE8A7892B7C9DC0002B950B /* MyVoiceMemoApp.app */ = {isa = PBXFileReference; explicitFileType = wrapper.application; includeInIndex = 0; path = MyVoiceMemoApp.app; sourceTree = BUILT_PRODUCTS_DIR; };
		ADE8A78C2B7C9DC0002B950B /* MyVoiceMemoAppApp.swift */ = {isa = PBXFileReference; lastKnownFileType = sourcecode.swift; path = MyVoiceMemoAppApp.swift; sourceTree = "<group>"; };
		ADE8A7902B7C9DC1002B950B /* Assets.xcassets */ = {isa = PBXFileReference; lastKnownFileType = folder.assetcatalog; path = Assets.xcassets; sourceTree = "<group>"; };
		ADE8A7932B7C9DC1002B950B /* Preview Assets.xcassets */ = {isa = PBXFileReference; lastKnownFileType = folder.assetcatalog; path = "Preview Assets.xcassets"; sourceTree = "<group>"; };
		ADE8A79E2B7C9EF2002B950B /* OnboardingViewModel.swift */ = {isa = PBXFileReference; lastKnownFileType = sourcecode.swift; path = OnboardingViewModel.swift; sourceTree = "<group>"; };
		ADE8A7A02B7C9F01002B950B /* OnboardingView.swift */ = {isa = PBXFileReference; lastKnownFileType = sourcecode.swift; path = OnboardingView.swift; sourceTree = "<group>"; };
		ADE8A7A32B7C9FD3002B950B /* OnboardingContent.swift */ = {isa = PBXFileReference; lastKnownFileType = sourcecode.swift; path = OnboardingContent.swift; sourceTree = "<group>"; };
/* End PBXFileReference section */

/* Begin PBXFrameworksBuildPhase section */
		ADE8A7862B7C9DC0002B950B /* Frameworks */ = {
			isa = PBXFrameworksBuildPhase;
			buildActionMask = 2147483647;
			files = (
			);
			runOnlyForDeploymentPostprocessing = 0;
		};
/* End PBXFrameworksBuildPhase section */

/* Begin PBXGroup section */
		AD421BF32B7F320900A2C000 /* Todo */ = {
			isa = PBXGroup;
			children = (
				AD421BF42B7F321F00A2C000 /* Todo.swift */,
			);
			path = Todo;
			sourceTree = "<group>";
		};
		AD952D482B81D6700059552A /* CustomView */ = {
			isa = PBXGroup;
			children = (
				AD952D492B81D6B20059552A /* WriteBtn.swift */,
			);
			path = CustomView;
			sourceTree = "<group>";
		};
		ADA8F1532B7DF34A00DE45EB /* Path */ = {
			isa = PBXGroup;
			children = (
				ADA8F1542B7DF38000DE45EB /* PathModel.swift */,
				ADA8F1562B7DF3A600DE45EB /* PathType.swift */,
			);
			path = Path;
			sourceTree = "<group>";
		};
		ADA8F1582B7DF98000DE45EB /* Home */ = {
			isa = PBXGroup;
			children = (
				ADA8F15B2B7DF99A00DE45EB /* HomeView.swift */,
				ADA8F1592B7DF99300DE45EB /* HomeViewModel.swift */,
				ADA8F1652B7E2D3F00DE45EB /* TodoList */,
				ADA8F16A2B7E3A7A00DE45EB /* MemoList */,
				ADA8F16F2B7E3AEC00DE45EB /* Voice */,
				ADA8F1752B7E3B3B00DE45EB /* Timer */,
				ADA8F1742B7E3B2B00DE45EB /* Setting */,
			);
			path = Home;
			sourceTree = "<group>";
		};
		ADA8F15D2B7DFA3400DE45EB /* Home */ = {
			isa = PBXGroup;
			children = (
				ADA8F15E2B7DFA5500DE45EB /* Tab.swift */,
			);
			path = Home;
			sourceTree = "<group>";
		};
		ADA8F1652B7E2D3F00DE45EB /* TodoList */ = {
			isa = PBXGroup;
			children = (
				ADA8F1682B7E2D5D00DE45EB /* TodoListView.swift */,
				ADA8F1662B7E2D5500DE45EB /* TodoListViewModel.swift */,
				ADA8F1832B7E3DBF00DE45EB /* Todo */,
			);
			path = TodoList;
			sourceTree = "<group>";
		};
		ADA8F16A2B7E3A7A00DE45EB /* MemoList */ = {
			isa = PBXGroup;
			children = (
				ADA8F17F2B7E3D3600DE45EB /* MemoListView.swift */,
				ADA8F1812B7E3D4500DE45EB /* MemoListViewModel.swift */,
				ADA8F17E2B7E3D2400DE45EB /* Memo */,
			);
			path = MemoList;
			sourceTree = "<group>";
		};
		ADA8F16F2B7E3AEC00DE45EB /* Voice */ = {
			isa = PBXGroup;
			children = (
				ADA8F1722B7E3B1800DE45EB /* VoiceView.swift */,
				ADA8F1702B7E3AFF00DE45EB /* VoiceViewModel.swift */,
			);
			path = Voice;
			sourceTree = "<group>";
		};
		ADA8F1742B7E3B2B00DE45EB /* Setting */ = {
			isa = PBXGroup;
			children = (
				ADA8F1762B7E3B4D00DE45EB /* SettingViewModel.swift */,
				ADA8F1782B7E3B5500DE45EB /* SettingView.swift */,
			);
			path = Setting;
			sourceTree = "<group>";
		};
		ADA8F1752B7E3B3B00DE45EB /* Timer */ = {
			isa = PBXGroup;
			children = (
				ADA8F17A2B7E3B6500DE45EB /* TimerViewModel.swift */,
				ADA8F17C2B7E3B7000DE45EB /* TimerView.swift */,
			);
			path = Timer;
			sourceTree = "<group>";
		};
		ADA8F17E2B7E3D2400DE45EB /* Memo */ = {
			isa = PBXGroup;
			children = (
				ADA8F16D2B7E3AE400DE45EB /* MemoView.swift */,
				ADA8F16B2B7E3AB400DE45EB /* MemoViewModel.swift */,
			);
			path = Memo;
			sourceTree = "<group>";
		};
		ADA8F1832B7E3DBF00DE45EB /* Todo */ = {
			isa = PBXGroup;
			children = (
				ADA8F1862B7E3DE100DE45EB /* TodoView.swift */,
				ADA8F1842B7E3DD900DE45EB /* TodoViewModel.swift */,
			);
			path = Todo;
			sourceTree = "<group>";
		};
		ADA8F1882B7E44E200DE45EB /* Extension */ = {
			isa = PBXGroup;
			children = (
				ADA8F1892B7E450E00DE45EB /* Date+Extension.swift */,
				AD74482F2B888CD100E64D7F /* Double+Extensions.swift */,
			);
			path = Extension;
			sourceTree = "<group>";
		};
		ADA8F18B2B7F23AF00DE45EB /* Component */ = {
			isa = PBXGroup;
			children = (
				AD952D482B81D6700059552A /* CustomView */,
				ADA8F18C2B7F23BA00DE45EB /* NavigationBar */,
			);
			path = Component;
			sourceTree = "<group>";
		};
		ADA8F18C2B7F23BA00DE45EB /* NavigationBar */ = {
			isa = PBXGroup;
			children = (
				ADA8F18F2B7F240900DE45EB /* CustomNavigationBar.swift */,
				ADA8F18D2B7F23EA00DE45EB /* NavigationBarType.swift */,
			);
			path = NavigationBar;
			sourceTree = "<group>";
		};
		ADBFFC3E2B838C1E00A73DDE /* Memo */ = {
			isa = PBXGroup;
			children = (
				ADBFFC3F2B838C3300A73DDE /* Memo.swift */,
			);
			path = Memo;
			sourceTree = "<group>";
		};
		ADE8A7802B7C9DC0002B950B = {
			isa = PBXGroup;
			children = (
				ADE8A78B2B7C9DC0002B950B /* MyVoiceMemoApp */,
				ADE8A78A2B7C9DC0002B950B /* Products */,
			);
			sourceTree = "<group>";
		};
		ADE8A78A2B7C9DC0002B950B /* Products */ = {
			isa = PBXGroup;
			children = (
				ADE8A7892B7C9DC0002B950B /* MyVoiceMemoApp.app */,
			);
			name = Products;
			sourceTree = "<group>";
		};
		ADE8A78B2B7C9DC0002B950B /* MyVoiceMemoApp */ = {
			isa = PBXGroup;
			children = (
				ADA8F18B2B7F23AF00DE45EB /* Component */,
				ADA8F1882B7E44E200DE45EB /* Extension */,
				ADE8A79A2B7C9E8A002B950B /* App */,
				ADE8A79C2B7C9EAA002B950B /* View */,
				ADE8A79B2B7C9E9E002B950B /* Model */,
				ADE8A7902B7C9DC1002B950B /* Assets.xcassets */,
				ADE8A7922B7C9DC1002B950B /* Preview Content */,
			);
			path = MyVoiceMemoApp;
			sourceTree = "<group>";
		};
		ADE8A7922B7C9DC1002B950B /* Preview Content */ = {
			isa = PBXGroup;
			children = (
				ADE8A7932B7C9DC1002B950B /* Preview Assets.xcassets */,
			);
			path = "Preview Content";
			sourceTree = "<group>";
		};
		ADE8A79A2B7C9E8A002B950B /* App */ = {
			isa = PBXGroup;
			children = (
				ADE8A78C2B7C9DC0002B950B /* MyVoiceMemoAppApp.swift */,
				ADA8F1512B7D055A00DE45EB /* Storyboard.storyboard */,
			);
			path = App;
			sourceTree = "<group>";
		};
		ADE8A79B2B7C9E9E002B950B /* Model */ = {
			isa = PBXGroup;
			children = (
				ADBFFC3E2B838C1E00A73DDE /* Memo */,
				AD421BF32B7F320900A2C000 /* Todo */,
				ADA8F15D2B7DFA3400DE45EB /* Home */,
				ADA8F1532B7DF34A00DE45EB /* Path */,
				ADE8A7A22B7C9FB3002B950B /* Onboarding */,
			);
			path = Model;
			sourceTree = "<group>";
		};
		ADE8A79C2B7C9EAA002B950B /* View */ = {
			isa = PBXGroup;
			children = (
				ADE8A79D2B7C9EB4002B950B /* Onboarding */,
				ADA8F1582B7DF98000DE45EB /* Home */,
			);
			path = View;
			sourceTree = "<group>";
		};
		ADE8A79D2B7C9EB4002B950B /* Onboarding */ = {
			isa = PBXGroup;
			children = (
				ADE8A7A02B7C9F01002B950B /* OnboardingView.swift */,
				ADE8A79E2B7C9EF2002B950B /* OnboardingViewModel.swift */,
			);
			path = Onboarding;
			sourceTree = "<group>";
		};
		ADE8A7A22B7C9FB3002B950B /* Onboarding */ = {
			isa = PBXGroup;
			children = (
				ADE8A7A32B7C9FD3002B950B /* OnboardingContent.swift */,
			);
			path = Onboarding;
			sourceTree = "<group>";
		};
/* End PBXGroup section */

/* Begin PBXNativeTarget section */
		ADE8A7882B7C9DC0002B950B /* MyVoiceMemoApp */ = {
			isa = PBXNativeTarget;
			buildConfigurationList = ADE8A7972B7C9DC1002B950B /* Build configuration list for PBXNativeTarget "MyVoiceMemoApp" */;
			buildPhases = (
				ADE8A7852B7C9DC0002B950B /* Sources */,
				ADE8A7862B7C9DC0002B950B /* Frameworks */,
				ADE8A7872B7C9DC0002B950B /* Resources */,
			);
			buildRules = (
			);
			dependencies = (
			);
			name = MyVoiceMemoApp;
			productName = MyVoiceMemoApp;
			productReference = ADE8A7892B7C9DC0002B950B /* MyVoiceMemoApp.app */;
			productType = "com.apple.product-type.application";
		};
/* End PBXNativeTarget section */

/* Begin PBXProject section */
		ADE8A7812B7C9DC0002B950B /* Project object */ = {
			isa = PBXProject;
			attributes = {
				BuildIndependentTargetsInParallel = 1;
				LastSwiftUpdateCheck = 1500;
				LastUpgradeCheck = 1500;
				TargetAttributes = {
					ADE8A7882B7C9DC0002B950B = {
						CreatedOnToolsVersion = 15.0.1;
					};
				};
			};
			buildConfigurationList = ADE8A7842B7C9DC0002B950B /* Build configuration list for PBXProject "MyVoiceMemoApp" */;
			compatibilityVersion = "Xcode 14.0";
			developmentRegion = en;
			hasScannedForEncodings = 0;
			knownRegions = (
				en,
				Base,
			);
			mainGroup = ADE8A7802B7C9DC0002B950B;
			productRefGroup = ADE8A78A2B7C9DC0002B950B /* Products */;
			projectDirPath = "";
			projectRoot = "";
			targets = (
				ADE8A7882B7C9DC0002B950B /* MyVoiceMemoApp */,
			);
		};
/* End PBXProject section */

/* Begin PBXResourcesBuildPhase section */
		ADE8A7872B7C9DC0002B950B /* Resources */ = {
			isa = PBXResourcesBuildPhase;
			buildActionMask = 2147483647;
			files = (
				ADE8A7942B7C9DC1002B950B /* Preview Assets.xcassets in Resources */,
				ADE8A7912B7C9DC1002B950B /* Assets.xcassets in Resources */,
				ADA8F1522B7D055A00DE45EB /* Storyboard.storyboard in Resources */,
			);
			runOnlyForDeploymentPostprocessing = 0;
		};
/* End PBXResourcesBuildPhase section */

/* Begin PBXSourcesBuildPhase section */
		ADE8A7852B7C9DC0002B950B /* Sources */ = {
			isa = PBXSourcesBuildPhase;
			buildActionMask = 2147483647;
			files = (
				ADE8A7A12B7C9F01002B950B /* OnboardingView.swift in Sources */,
				ADE8A78D2B7C9DC0002B950B /* MyVoiceMemoAppApp.swift in Sources */,
				ADA8F15A2B7DF99300DE45EB /* HomeViewModel.swift in Sources */,
				ADA8F1572B7DF3A600DE45EB /* PathType.swift in Sources */,
				ADA8F16E2B7E3AE400DE45EB /* MemoView.swift in Sources */,
				ADA8F18E2B7F23EA00DE45EB /* NavigationBarType.swift in Sources */,
				ADA8F18A2B7E450E00DE45EB /* Date+Extension.swift in Sources */,
				ADA8F1822B7E3D4500DE45EB /* MemoListViewModel.swift in Sources */,
				ADA8F1732B7E3B1800DE45EB /* VoiceView.swift in Sources */,
				ADA8F1692B7E2D5D00DE45EB /* TodoListView.swift in Sources */,
				ADBFFC402B838C3300A73DDE /* Memo.swift in Sources */,
				ADA8F1672B7E2D5500DE45EB /* TodoListViewModel.swift in Sources */,
				ADA8F1552B7DF38000DE45EB /* PathModel.swift in Sources */,
				ADA8F1792B7E3B5500DE45EB /* SettingView.swift in Sources */,
				ADA8F17D2B7E3B7000DE45EB /* TimerView.swift in Sources */,
				ADA8F1872B7E3DE100DE45EB /* TodoView.swift in Sources */,
				ADA8F17B2B7E3B6500DE45EB /* TimerViewModel.swift in Sources */,
				ADA8F15C2B7DF99A00DE45EB /* HomeView.swift in Sources */,
				ADA8F1712B7E3AFF00DE45EB /* VoiceViewModel.swift in Sources */,
				ADA8F1902B7F240900DE45EB /* CustomNavigationBar.swift in Sources */,
				ADA8F1772B7E3B4D00DE45EB /* SettingViewModel.swift in Sources */,
				ADA8F15F2B7DFA5500DE45EB /* Tab.swift in Sources */,
				ADE8A7A42B7C9FD3002B950B /* OnboardingContent.swift in Sources */,
				AD421BF52B7F321F00A2C000 /* Todo.swift in Sources */,
				AD7448302B888CD100E64D7F /* Double+Extensions.swift in Sources */,
				ADA8F16C2B7E3AB400DE45EB /* MemoViewModel.swift in Sources */,
				AD952D4A2B81D6B20059552A /* WriteBtn.swift in Sources */,
				ADA8F1802B7E3D3600DE45EB /* MemoListView.swift in Sources */,
				ADA8F1852B7E3DD900DE45EB /* TodoViewModel.swift in Sources */,
				ADE8A79F2B7C9EF2002B950B /* OnboardingViewModel.swift in Sources */,
			);
			runOnlyForDeploymentPostprocessing = 0;
		};
/* End PBXSourcesBuildPhase section */

/* Begin XCBuildConfiguration section */
		ADE8A7952B7C9DC1002B950B /* Debug */ = {
			isa = XCBuildConfiguration;
			buildSettings = {
				ALWAYS_SEARCH_USER_PATHS = NO;
				ASSETCATALOG_COMPILER_GENERATE_SWIFT_ASSET_SYMBOL_EXTENSIONS = YES;
				CLANG_ANALYZER_NONNULL = YES;
				CLANG_ANALYZER_NUMBER_OBJECT_CONVERSION = YES_AGGRESSIVE;
				CLANG_CXX_LANGUAGE_STANDARD = "gnu++20";
				CLANG_ENABLE_MODULES = YES;
				CLANG_ENABLE_OBJC_ARC = YES;
				CLANG_ENABLE_OBJC_WEAK = YES;
				CLANG_WARN_BLOCK_CAPTURE_AUTORELEASING = YES;
				CLANG_WARN_BOOL_CONVERSION = YES;
				CLANG_WARN_COMMA = YES;
				CLANG_WARN_CONSTANT_CONVERSION = YES;
				CLANG_WARN_DEPRECATED_OBJC_IMPLEMENTATIONS = YES;
				CLANG_WARN_DIRECT_OBJC_ISA_USAGE = YES_ERROR;
				CLANG_WARN_DOCUMENTATION_COMMENTS = YES;
				CLANG_WARN_EMPTY_BODY = YES;
				CLANG_WARN_ENUM_CONVERSION = YES;
				CLANG_WARN_INFINITE_RECURSION = YES;
				CLANG_WARN_INT_CONVERSION = YES;
				CLANG_WARN_NON_LITERAL_NULL_CONVERSION = YES;
				CLANG_WARN_OBJC_IMPLICIT_RETAIN_SELF = YES;
				CLANG_WARN_OBJC_LITERAL_CONVERSION = YES;
				CLANG_WARN_OBJC_ROOT_CLASS = YES_ERROR;
				CLANG_WARN_QUOTED_INCLUDE_IN_FRAMEWORK_HEADER = YES;
				CLANG_WARN_RANGE_LOOP_ANALYSIS = YES;
				CLANG_WARN_STRICT_PROTOTYPES = YES;
				CLANG_WARN_SUSPICIOUS_MOVE = YES;
				CLANG_WARN_UNGUARDED_AVAILABILITY = YES_AGGRESSIVE;
				CLANG_WARN_UNREACHABLE_CODE = YES;
				CLANG_WARN__DUPLICATE_METHOD_MATCH = YES;
				COPY_PHASE_STRIP = NO;
				DEBUG_INFORMATION_FORMAT = dwarf;
				ENABLE_STRICT_OBJC_MSGSEND = YES;
				ENABLE_TESTABILITY = YES;
				ENABLE_USER_SCRIPT_SANDBOXING = YES;
				GCC_C_LANGUAGE_STANDARD = gnu17;
				GCC_DYNAMIC_NO_PIC = NO;
				GCC_NO_COMMON_BLOCKS = YES;
				GCC_OPTIMIZATION_LEVEL = 0;
				GCC_PREPROCESSOR_DEFINITIONS = (
					"DEBUG=1",
					"$(inherited)",
				);
				GCC_WARN_64_TO_32_BIT_CONVERSION = YES;
				GCC_WARN_ABOUT_RETURN_TYPE = YES_ERROR;
				GCC_WARN_UNDECLARED_SELECTOR = YES;
				GCC_WARN_UNINITIALIZED_AUTOS = YES_AGGRESSIVE;
				GCC_WARN_UNUSED_FUNCTION = YES;
				GCC_WARN_UNUSED_VARIABLE = YES;
				IPHONEOS_DEPLOYMENT_TARGET = 17.0;
				LOCALIZATION_PREFERS_STRING_CATALOGS = YES;
				MTL_ENABLE_DEBUG_INFO = INCLUDE_SOURCE;
				MTL_FAST_MATH = YES;
				ONLY_ACTIVE_ARCH = YES;
				SDKROOT = iphoneos;
				SWIFT_ACTIVE_COMPILATION_CONDITIONS = "DEBUG $(inherited)";
				SWIFT_OPTIMIZATION_LEVEL = "-Onone";
			};
			name = Debug;
		};
		ADE8A7962B7C9DC1002B950B /* Release */ = {
			isa = XCBuildConfiguration;
			buildSettings = {
				ALWAYS_SEARCH_USER_PATHS = NO;
				ASSETCATALOG_COMPILER_GENERATE_SWIFT_ASSET_SYMBOL_EXTENSIONS = YES;
				CLANG_ANALYZER_NONNULL = YES;
				CLANG_ANALYZER_NUMBER_OBJECT_CONVERSION = YES_AGGRESSIVE;
				CLANG_CXX_LANGUAGE_STANDARD = "gnu++20";
				CLANG_ENABLE_MODULES = YES;
				CLANG_ENABLE_OBJC_ARC = YES;
				CLANG_ENABLE_OBJC_WEAK = YES;
				CLANG_WARN_BLOCK_CAPTURE_AUTORELEASING = YES;
				CLANG_WARN_BOOL_CONVERSION = YES;
				CLANG_WARN_COMMA = YES;
				CLANG_WARN_CONSTANT_CONVERSION = YES;
				CLANG_WARN_DEPRECATED_OBJC_IMPLEMENTATIONS = YES;
				CLANG_WARN_DIRECT_OBJC_ISA_USAGE = YES_ERROR;
				CLANG_WARN_DOCUMENTATION_COMMENTS = YES;
				CLANG_WARN_EMPTY_BODY = YES;
				CLANG_WARN_ENUM_CONVERSION = YES;
				CLANG_WARN_INFINITE_RECURSION = YES;
				CLANG_WARN_INT_CONVERSION = YES;
				CLANG_WARN_NON_LITERAL_NULL_CONVERSION = YES;
				CLANG_WARN_OBJC_IMPLICIT_RETAIN_SELF = YES;
				CLANG_WARN_OBJC_LITERAL_CONVERSION = YES;
				CLANG_WARN_OBJC_ROOT_CLASS = YES_ERROR;
				CLANG_WARN_QUOTED_INCLUDE_IN_FRAMEWORK_HEADER = YES;
				CLANG_WARN_RANGE_LOOP_ANALYSIS = YES;
				CLANG_WARN_STRICT_PROTOTYPES = YES;
				CLANG_WARN_SUSPICIOUS_MOVE = YES;
				CLANG_WARN_UNGUARDED_AVAILABILITY = YES_AGGRESSIVE;
				CLANG_WARN_UNREACHABLE_CODE = YES;
				CLANG_WARN__DUPLICATE_METHOD_MATCH = YES;
				COPY_PHASE_STRIP = NO;
				DEBUG_INFORMATION_FORMAT = "dwarf-with-dsym";
				ENABLE_NS_ASSERTIONS = NO;
				ENABLE_STRICT_OBJC_MSGSEND = YES;
				ENABLE_USER_SCRIPT_SANDBOXING = YES;
				GCC_C_LANGUAGE_STANDARD = gnu17;
				GCC_NO_COMMON_BLOCKS = YES;
				GCC_WARN_64_TO_32_BIT_CONVERSION = YES;
				GCC_WARN_ABOUT_RETURN_TYPE = YES_ERROR;
				GCC_WARN_UNDECLARED_SELECTOR = YES;
				GCC_WARN_UNINITIALIZED_AUTOS = YES_AGGRESSIVE;
				GCC_WARN_UNUSED_FUNCTION = YES;
				GCC_WARN_UNUSED_VARIABLE = YES;
				IPHONEOS_DEPLOYMENT_TARGET = 17.0;
				LOCALIZATION_PREFERS_STRING_CATALOGS = YES;
				MTL_ENABLE_DEBUG_INFO = NO;
				MTL_FAST_MATH = YES;
				SDKROOT = iphoneos;
				SWIFT_COMPILATION_MODE = wholemodule;
				VALIDATE_PRODUCT = YES;
			};
			name = Release;
		};
		ADE8A7982B7C9DC1002B950B /* Debug */ = {
			isa = XCBuildConfiguration;
			buildSettings = {
				ASSETCATALOG_COMPILER_APPICON_NAME = AppIcon;
				ASSETCATALOG_COMPILER_GLOBAL_ACCENT_COLOR_NAME = AccentColor;
				CODE_SIGN_STYLE = Automatic;
				CURRENT_PROJECT_VERSION = 1;
				DEVELOPMENT_ASSET_PATHS = "\"MyVoiceMemoApp/Preview Content\"";
				ENABLE_PREVIEWS = YES;
				GENERATE_INFOPLIST_FILE = YES;
				INFOPLIST_KEY_UIApplicationSceneManifest_Generation = YES;
				INFOPLIST_KEY_UIApplicationSupportsIndirectInputEvents = YES;
				INFOPLIST_KEY_UILaunchStoryboardName = Storyboard;
				INFOPLIST_KEY_UISupportedInterfaceOrientations_iPad = "UIInterfaceOrientationPortrait UIInterfaceOrientationPortraitUpsideDown UIInterfaceOrientationLandscapeLeft UIInterfaceOrientationLandscapeRight";
				INFOPLIST_KEY_UISupportedInterfaceOrientations_iPhone = "UIInterfaceOrientationPortrait UIInterfaceOrientationLandscapeLeft UIInterfaceOrientationLandscapeRight";
				LD_RUNPATH_SEARCH_PATHS = (
					"$(inherited)",
					"@executable_path/Frameworks",
				);
				MARKETING_VERSION = 1.0;
				PRODUCT_BUNDLE_IDENTIFIER = anyong.MyVoiceMemoApp;
				PRODUCT_NAME = "$(TARGET_NAME)";
				SWIFT_EMIT_LOC_STRINGS = YES;
				SWIFT_VERSION = 5.0;
				TARGETED_DEVICE_FAMILY = "1,2";
			};
			name = Debug;
		};
		ADE8A7992B7C9DC1002B950B /* Release */ = {
			isa = XCBuildConfiguration;
			buildSettings = {
				ASSETCATALOG_COMPILER_APPICON_NAME = AppIcon;
				ASSETCATALOG_COMPILER_GLOBAL_ACCENT_COLOR_NAME = AccentColor;
				CODE_SIGN_STYLE = Automatic;
				CURRENT_PROJECT_VERSION = 1;
				DEVELOPMENT_ASSET_PATHS = "\"MyVoiceMemoApp/Preview Content\"";
				ENABLE_PREVIEWS = YES;
				GENERATE_INFOPLIST_FILE = YES;
				INFOPLIST_KEY_UIApplicationSceneManifest_Generation = YES;
				INFOPLIST_KEY_UIApplicationSupportsIndirectInputEvents = YES;
				INFOPLIST_KEY_UILaunchStoryboardName = Storyboard;
				INFOPLIST_KEY_UISupportedInterfaceOrientations_iPad = "UIInterfaceOrientationPortrait UIInterfaceOrientationPortraitUpsideDown UIInterfaceOrientationLandscapeLeft UIInterfaceOrientationLandscapeRight";
				INFOPLIST_KEY_UISupportedInterfaceOrientations_iPhone = "UIInterfaceOrientationPortrait UIInterfaceOrientationLandscapeLeft UIInterfaceOrientationLandscapeRight";
				LD_RUNPATH_SEARCH_PATHS = (
					"$(inherited)",
					"@executable_path/Frameworks",
				);
				MARKETING_VERSION = 1.0;
				PRODUCT_BUNDLE_IDENTIFIER = anyong.MyVoiceMemoApp;
				PRODUCT_NAME = "$(TARGET_NAME)";
				SWIFT_EMIT_LOC_STRINGS = YES;
				SWIFT_VERSION = 5.0;
				TARGETED_DEVICE_FAMILY = "1,2";
			};
			name = Release;
		};
/* End XCBuildConfiguration section */

/* Begin XCConfigurationList section */
		ADE8A7842B7C9DC0002B950B /* Build configuration list for PBXProject "MyVoiceMemoApp" */ = {
			isa = XCConfigurationList;
			buildConfigurations = (
				ADE8A7952B7C9DC1002B950B /* Debug */,
				ADE8A7962B7C9DC1002B950B /* Release */,
			);
			defaultConfigurationIsVisible = 0;
			defaultConfigurationName = Release;
		};
		ADE8A7972B7C9DC1002B950B /* Build configuration list for PBXNativeTarget "MyVoiceMemoApp" */ = {
			isa = XCConfigurationList;
			buildConfigurations = (
				ADE8A7982B7C9DC1002B950B /* Debug */,
				ADE8A7992B7C9DC1002B950B /* Release */,
			);
			defaultConfigurationIsVisible = 0;
			defaultConfigurationName = Release;
		};
/* End XCConfigurationList section */
	};
	rootObject = ADE8A7812B7C9DC0002B950B /* Project object */;
}
